
Microsoft Visual Studio Solution File, Format Version 12.00
# Visual Studio 15
VisualStudioVersion = 15.0.28307.489
MinimumVisualStudioVersion = 10.0.40219.1
Project("{FAE04EC0-301F-11D3-BF4B-00C04F79EFBC}") = "MVC_Git0514", "MVC_Git0514\MVC_Git0514.csproj", "{A137FC13-44B2-48D2-978D-545B477130D9}"
EndProject
Global
	GlobalSection(SolutionConfigurationPlatforms) = preSolution
		Debug|Any CPU = Debug|Any CPU
		Release|Any CPU = Release|Any CPU
	EndGlobalSection
	GlobalSection(ProjectConfigurationPlatforms) = postSolution
		{A137FC13-44B2-48D2-978D-545B477130D9}.Debug|Any CPU.ActiveCfg = Debug|Any CPU
		{A137FC13-44B2-48D2-978D-545B477130D9}.Debug|Any CPU.Build.0 = Debug|Any CPU
		{A137FC13-44B2-48D2-978D-545B477130D9}.Release|Any CPU.ActiveCfg = Release|Any CPU
		{A137FC13-44B2-48D2-978D-545B477130D9}.Release|Any CPU.Build.0 = Release|Any CPU
	EndGlobalSection
	GlobalSection(SolutionProperties) = preSolution
		HideSolutionNode = FALSE
	EndGlobalSection
	GlobalSection(ExtensibilityGlobals) = postSolution
		SolutionGuid = {B2E2DBB1-B253-45A5-B528-89E8B529DF37}
	EndGlobalSection
EndGlobal
